// !$*UTF8*$!
{
	archiveVersion = 1;
	classes = {
	};
	objectVersion = 50;
	objects = {

/* Begin PBXBuildFile section */
		B23DB286218376A100B0281F /* main.cpp in Sources */ = {isa = PBXBuildFile; fileRef = B23DB285218376A100B0281F /* main.cpp */; };
/* End PBXBuildFile section */

/* Begin PBXFileReference section */
		B23DB282218376A100B0281F /* Graphical Knights Tour */ = {isa = PBXFileReference; explicitFileType = "compiled.mach-o.executable"; includeInIndex = 0; path = "Graphical Knights Tour"; sourceTree = BUILT_PRODUCTS_DIR; };
		B23DB285218376A100B0281F /* main.cpp */ = {isa = PBXFileReference; lastKnownFileType = sourcecode.cpp.cpp; path = main.cpp; sourceTree = "<group>"; };
		B23DB29221837F7300B0281F /* gray.png */ = {isa = PBXFileReference; lastKnownFileType = image.png; path = gray.png; sourceTree = "<group>"; };
		B23DB29321837F7300B0281F /* ChessIcon.png */ = {isa = PBXFileReference; lastKnownFileType = image.png; path = ChessIcon.png; sourceTree = "<group>"; };
		B23DB29421837F7300B0281F /* white.png */ = {isa = PBXFileReference; lastKnownFileType = image.png; path = white.png; sourceTree = "<group>"; };
		B23DB29521838AAF00B0281F /* Knight.h */ = {isa = PBXFileReference; lastKnownFileType = sourcecode.c.h; path = Knight.h; sourceTree = "<group>"; };
		B23DB2962183927800B0281F /* sansation.ttf */ = {isa = PBXFileReference; lastKnownFileType = file; path = sansation.ttf; sourceTree = "<group>"; };
/* End PBXFileReference section */

/* Begin PBXFrameworksBuildPhase section */
		B23DB280218376A100B0281F /* Frameworks */ = {
			isa = PBXFrameworksBuildPhase;
			buildActionMask = 2147483647;
			files = (
			);
			runOnlyForDeploymentPostprocessing = 0;
		};
/* End PBXFrameworksBuildPhase section */

/* Begin PBXGroup section */
		B23DB27A218376A100B0281F = {
			isa = PBXGroup;
			children = (
				B23DB284218376A100B0281F /* Graphical Knights Tour */,
				B23DB283218376A100B0281F /* Products */,
			);
			sourceTree = "<group>";
		};
		B23DB283218376A100B0281F /* Products */ = {
			isa = PBXGroup;
			children = (
				B23DB282218376A100B0281F /* Graphical Knights Tour */,
			);
			name = Products;
			sourceTree = "<group>";
		};
		B23DB284218376A100B0281F /* Graphical Knights Tour */ = {
			isa = PBXGroup;
			children = (
				B23DB285218376A100B0281F /* main.cpp */,
				B23DB29521838AAF00B0281F /* Knight.h */,
				B23DB287218376A100B0281F /* Resources */,
			);
			path = "Graphical Knights Tour";
			sourceTree = "<group>";
		};
		B23DB287218376A100B0281F /* Resources */ = {
			isa = PBXGroup;
			children = (
				B23DB2962183927800B0281F /* sansation.ttf */,
				B23DB29121837F7300B0281F /* Board */,
			);
			name = Resources;
			sourceTree = "<group>";
		};
		B23DB29121837F7300B0281F /* Board */ = {
			isa = PBXGroup;
			children = (
				B23DB29221837F7300B0281F /* gray.png */,
				B23DB29321837F7300B0281F /* ChessIcon.png */,
				B23DB29421837F7300B0281F /* white.png */,
			);
			path = Board;
			sourceTree = "<group>";
		};
/* End PBXGroup section */

/* Begin PBXNativeTarget section */
		B23DB281218376A100B0281F /* Graphical Knights Tour */ = {
			isa = PBXNativeTarget;
			buildConfigurationList = B23DB28E218376A100B0281F /* Build configuration list for PBXNativeTarget "Graphical Knights Tour" */;
			buildPhases = (
				B23DB27F218376A100B0281F /* Sources */,
				B23DB280218376A100B0281F /* Frameworks */,
			);
			buildRules = (
			);
			dependencies = (
			);
			name = "Graphical Knights Tour";
			productName = "Graphical Knights Tour";
			productReference = B23DB282218376A100B0281F /* Graphical Knights Tour */;
			productType = "com.apple.product-type.tool";
		};
/* End PBXNativeTarget section */

/* Begin PBXProject section */
		B23DB27B218376A100B0281F /* Project object */ = {
			isa = PBXProject;
			attributes = {
				LastUpgradeCheck = 1000;
				ORGANIZATIONNAME = "Sina Zaker";
				TargetAttributes = {
					B23DB281218376A100B0281F = {
						CreatedOnToolsVersion = 10.0;
					};
				};
			};
			buildConfigurationList = B23DB27E218376A100B0281F /* Build configuration list for PBXProject "Graphical Knights Tour" */;
			compatibilityVersion = "Xcode 9.3";
			developmentRegion = en;
			hasScannedForEncodings = 0;
			knownRegions = (
				en,
			);
			mainGroup = B23DB27A218376A100B0281F;
			productRefGroup = B23DB283218376A100B0281F /* Products */;
			projectDirPath = "";
			projectRoot = "";
			targets = (
				B23DB281218376A100B0281F /* Graphical Knights Tour */,
			);
		};
/* End PBXProject section */

/* Begin PBXSourcesBuildPhase section */
		B23DB27F218376A100B0281F /* Sources */ = {
			isa = PBXSourcesBuildPhase;
			buildActionMask = 2147483647;
			files = (
				B23DB286218376A100B0281F /* main.cpp in Sources */,
			);
			runOnlyForDeploymentPostprocessing = 0;
		};
/* End PBXSourcesBuildPhase section */

/* Begin XCBuildConfiguration section */
		B23DB28C218376A100B0281F /* Debug */ = {
			isa = XCBuildConfiguration;
			buildSettings = {
				ARCHS = "$(NATIVE_ARCH_ACTUAL)";
				CLANG_CXX_LANGUAGE_STANDARD = "c++11";
				CLANG_CXX_LIBRARY = "libc++";
				FRAMEWORK_SEARCH_PATHS = (
					/Library/Frameworks/,
					"$(inherited)",
				);
				GCC_VERSION = com.apple.compilers.llvm.clang.1_0;
				HEADER_SEARCH_PATHS = (
					/usr/local/include/,
					"$(inherited)",
				);
				LIBRARY_SEARCH_PATHS = (
					/usr/local/lib/,
					"$(inherited)",
				);
				MACOSX_DEPLOYMENT_TARGET = 10.7;
				OTHER_LDFLAGS = (
					"$(inherited)",
					"$(SFML_SYSTEM)",
					"$(SFML_WINDOW)",
					"$(SFML_GRAPHICS)",
					"$(SFML_AUDIO)",
					"$(SFML_NETWORK)",
				);
				SFML_AUDIO = "$(SFML_LINK_PREFIX) sfml-audio$(SFML_LINK_SUFFIX)";
				SFML_BINARY_TYPE = FRAMEWORKS;
				SFML_GRAPHICS = "$(SFML_LINK_PREFIX) sfml-graphics$(SFML_LINK_SUFFIX)";
				SFML_LINK_DYLIBS_PREFIX = "-l";
				SFML_LINK_DYLIBS_SUFFIX = "";
				SFML_LINK_FRAMEWORKS_PREFIX = "-framework";
				SFML_LINK_FRAMEWORKS_SUFFIX = "";
				SFML_LINK_PREFIX = "$(SFML_LINK_$(SFML_BINARY_TYPE)_PREFIX)";
				SFML_LINK_SUFFIX = "$(SFML_LINK_$(SFML_BINARY_TYPE)_SUFFIX)";
				SFML_NETWORK = "$(SFML_LINK_PREFIX) sfml-network$(SFML_LINK_SUFFIX)";
				SFML_SYSTEM = "$(SFML_LINK_PREFIX) sfml-system$(SFML_LINK_SUFFIX)";
				SFML_WINDOW = "$(SFML_LINK_PREFIX) sfml-window$(SFML_LINK_SUFFIX)";
				SUPPORTED_PLATFORMS = macosx;
			};
			name = Debug;
		};
		B23DB28D218376A100B0281F /* Release */ = {
			isa = XCBuildConfiguration;
			buildSettings = {
				ARCHS = "$(NATIVE_ARCH_ACTUAL)";
				CLANG_CXX_LANGUAGE_STANDARD = "c++11";
				CLANG_CXX_LIBRARY = "libc++";
				FRAMEWORK_SEARCH_PATHS = (
					/Library/Frameworks/,
					"$(inherited)",
				);
				GCC_VERSION = com.apple.compilers.llvm.clang.1_0;
				HEADER_SEARCH_PATHS = (
					/usr/local/include/,
					"$(inherited)",
				);
				LIBRARY_SEARCH_PATHS = (
					/usr/local/lib/,
					"$(inherited)",
				);
				MACOSX_DEPLOYMENT_TARGET = 10.7;
				OTHER_LDFLAGS = (
					"$(inherited)",
					"$(SFML_SYSTEM)",
					"$(SFML_WINDOW)",
					"$(SFML_GRAPHICS)",
					"$(SFML_AUDIO)",
					"$(SFML_NETWORK)",
				);
				SFML_AUDIO = "$(SFML_LINK_PREFIX) sfml-audio$(SFML_LINK_SUFFIX)";
				SFML_BINARY_TYPE = FRAMEWORKS;
				SFML_GRAPHICS = "$(SFML_LINK_PREFIX) sfml-graphics$(SFML_LINK_SUFFIX)";
				SFML_LINK_DYLIBS_PREFIX = "-l";
				SFML_LINK_DYLIBS_SUFFIX = "";
				SFML_LINK_FRAMEWORKS_PREFIX = "-framework";
				SFML_LINK_FRAMEWORKS_SUFFIX = "";
				SFML_LINK_PREFIX = "$(SFML_LINK_$(SFML_BINARY_TYPE)_PREFIX)";
				SFML_LINK_SUFFIX = "$(SFML_LINK_$(SFML_BINARY_TYPE)_SUFFIX)";
				SFML_NETWORK = "$(SFML_LINK_PREFIX) sfml-network$(SFML_LINK_SUFFIX)";
				SFML_SYSTEM = "$(SFML_LINK_PREFIX) sfml-system$(SFML_LINK_SUFFIX)";
				SFML_WINDOW = "$(SFML_LINK_PREFIX) sfml-window$(SFML_LINK_SUFFIX)";
				SUPPORTED_PLATFORMS = macosx;
			};
			name = Release;
		};
		B23DB28F218376A100B0281F /* Debug */ = {
			isa = XCBuildConfiguration;
			buildSettings = {
				CODE_SIGN_STYLE = Automatic;
				DEVELOPMENT_TEAM = 9ZV62GPM2T;
				PRODUCT_NAME = "$(TARGET_NAME)";
			};
			name = Debug;
		};
		B23DB290218376A100B0281F /* Release */ = {
			isa = XCBuildConfiguration;
			buildSettings = {
				CODE_SIGN_STYLE = Automatic;
				DEVELOPMENT_TEAM = 9ZV62GPM2T;
				PRODUCT_NAME = "$(TARGET_NAME)";
			};
			name = Release;
		};
/* End XCBuildConfiguration section */

/* Begin XCConfigurationList section */
		B23DB27E218376A100B0281F /* Build configuration list for PBXProject "Graphical Knights Tour" */ = {
			isa = XCConfigurationList;
			buildConfigurations = (
				B23DB28C218376A100B0281F /* Debug */,
				B23DB28D218376A100B0281F /* Release */,
			);
			defaultConfigurationIsVisible = 0;
			defaultConfigurationName = Release;
		};
		B23DB28E218376A100B0281F /* Build configuration list for PBXNativeTarget "Graphical Knights Tour" */ = {
			isa = XCConfigurationList;
			buildConfigurations = (
				B23DB28F218376A100B0281F /* Debug */,
				B23DB290218376A100B0281F /* Release */,
			);
			defaultConfigurationIsVisible = 0;
			defaultConfigurationName = Release;
		};
/* End XCConfigurationList section */
	};
	rootObject = B23DB27B218376A100B0281F /* Project object */;
}
